
Microsoft Visual Studio Solution File, Format Version 12.00
# Visual Studio Version 17
VisualStudioVersion = 17.6.33712.159
MinimumVisualStudioVersion = 10.0.40219.1
Project("{9A19103F-16F7-4668-BE54-9A1E7A4F7556}") = "Assignment5-PizzaStore", "Assignment5-PizzaStore\Assignment5-PizzaStore.csproj", "{942CBFBB-98E1-43DD-9E2A-42CEC910CB19}"
EndProject
Project("{FAE04EC0-301F-11D3-BF4B-00C04F79EFBC}") = "Assignment5-PizzaStore-WebAPI", "Assignment5-PizzaStore-WebAPI\Assignment5-PizzaStore-WebAPI.csproj", "{111761DF-F2F2-463F-9D0D-BFB3EE75299D}"
EndProject
Project("{FAE04EC0-301F-11D3-BF4B-00C04F79EFBC}") = "StoreDatabase", "StoreDatabase\StoreDatabase.csproj", "{A45AEBCE-C7AB-42E2-BC47-5692A4390972}"
EndProject
Global
	GlobalSection(SolutionConfigurationPlatforms) = preSolution
		Debug|Any CPU = Debug|Any CPU
		Release|Any CPU = Release|Any CPU
	EndGlobalSection
	GlobalSection(ProjectConfigurationPlatforms) = postSolution
		{942CBFBB-98E1-43DD-9E2A-42CEC910CB19}.Debug|Any CPU.ActiveCfg = Debug|Any CPU
		{942CBFBB-98E1-43DD-9E2A-42CEC910CB19}.Debug|Any CPU.Build.0 = Debug|Any CPU
		{942CBFBB-98E1-43DD-9E2A-42CEC910CB19}.Release|Any CPU.ActiveCfg = Release|Any CPU
		{942CBFBB-98E1-43DD-9E2A-42CEC910CB19}.Release|Any CPU.Build.0 = Release|Any CPU
		{111761DF-F2F2-463F-9D0D-BFB3EE75299D}.Debug|Any CPU.ActiveCfg = Debug|Any CPU
		{111761DF-F2F2-463F-9D0D-BFB3EE75299D}.Debug|Any CPU.Build.0 = Debug|Any CPU
		{111761DF-F2F2-463F-9D0D-BFB3EE75299D}.Release|Any CPU.ActiveCfg = Release|Any CPU
		{111761DF-F2F2-463F-9D0D-BFB3EE75299D}.Release|Any CPU.Build.0 = Release|Any CPU
		{A45AEBCE-C7AB-42E2-BC47-5692A4390972}.Debug|Any CPU.ActiveCfg = Debug|Any CPU
		{A45AEBCE-C7AB-42E2-BC47-5692A4390972}.Debug|Any CPU.Build.0 = Debug|Any CPU
		{A45AEBCE-C7AB-42E2-BC47-5692A4390972}.Release|Any CPU.ActiveCfg = Release|Any CPU
		{A45AEBCE-C7AB-42E2-BC47-5692A4390972}.Release|Any CPU.Build.0 = Release|Any CPU
	EndGlobalSection
	GlobalSection(SolutionProperties) = preSolution
		HideSolutionNode = FALSE
	EndGlobalSection
	GlobalSection(ExtensibilityGlobals) = postSolution
		SolutionGuid = {E753A074-A3AD-4572-8AE4-B1B525F1A616}
	EndGlobalSection
EndGlobal
